
Microsoft Visual Studio Solution File, Format Version 12.00
# Visual Studio Version 17
VisualStudioVersion = 17.3.32922.545
MinimumVisualStudioVersion = 10.0.40219.1
Project("{FAE04EC0-301F-11D3-BF4B-00C04F79EFBC}") = "DistanceLine", "DistanceLine\DistanceLine.csproj", "{347B02DB-4A08-4D2D-BC06-5551149891A6}"
EndProject
Global
	GlobalSection(SolutionConfigurationPlatforms) = preSolution
		Debug|Any CPU = Debug|Any CPU
		Release|Any CPU = Release|Any CPU
	EndGlobalSection
	GlobalSection(ProjectConfigurationPlatforms) = postSolution
		{347B02DB-4A08-4D2D-BC06-5551149891A6}.Debug|Any CPU.ActiveCfg = Debug|Any CPU
		{347B02DB-4A08-4D2D-BC06-5551149891A6}.Debug|Any CPU.Build.0 = Debug|Any CPU
		{347B02DB-4A08-4D2D-BC06-5551149891A6}.Release|Any CPU.ActiveCfg = Release|Any CPU
		{347B02DB-4A08-4D2D-BC06-5551149891A6}.Release|Any CPU.Build.0 = Release|Any CPU
	EndGlobalSection
	GlobalSection(SolutionProperties) = preSolution
		HideSolutionNode = FALSE
	EndGlobalSection
	GlobalSection(ExtensibilityGlobals) = postSolution
		SolutionGuid = {C0F7FC18-008F-4103-A912-06901782212F}
	EndGlobalSection
EndGlobal
